
Microsoft Visual Studio Solution File, Format Version 12.00
# Visual Studio Version 16
VisualStudioVersion = 16.0.30104.148
MinimumVisualStudioVersion = 10.0.40219.1
Project("{6EC3EE1D-3C4E-46DD-8F32-0CC8E7565705}") = "FSharpArmDsl", "FSharpArmDsl.fsproj", "{878787AB-22FF-4AE4-B417-7819D8AF2C5B}"
EndProject
Global
	GlobalSection(SolutionConfigurationPlatforms) = preSolution
		Debug|Any CPU = Debug|Any CPU
		Release|Any CPU = Release|Any CPU
	EndGlobalSection
	GlobalSection(ProjectConfigurationPlatforms) = postSolution
		{878787AB-22FF-4AE4-B417-7819D8AF2C5B}.Debug|Any CPU.ActiveCfg = Debug|Any CPU
		{878787AB-22FF-4AE4-B417-7819D8AF2C5B}.Debug|Any CPU.Build.0 = Debug|Any CPU
		{878787AB-22FF-4AE4-B417-7819D8AF2C5B}.Release|Any CPU.ActiveCfg = Release|Any CPU
		{878787AB-22FF-4AE4-B417-7819D8AF2C5B}.Release|Any CPU.Build.0 = Release|Any CPU
	EndGlobalSection
	GlobalSection(SolutionProperties) = preSolution
		HideSolutionNode = FALSE
	EndGlobalSection
	GlobalSection(ExtensibilityGlobals) = postSolution
		SolutionGuid = {E371E61F-046E-4D3F-A9C3-D88255B13B74}
	EndGlobalSection
EndGlobal
